// !$*UTF8*$!
{
	archiveVersion = 1;
	classes = {
	};
	objectVersion = 51;
	objects = {

/* Begin PBXBuildFile section */
		C268F64C8967915CF3381FBB /* Pods_TheTVMovie.framework in Frameworks */ = {isa = PBXBuildFile; fileRef = C4B417A10E462260B8D3AC44 /* Pods_TheTVMovie.framework */; };
		EC131B312380694400598F1D /* Constants.swift in Sources */ = {isa = PBXBuildFile; fileRef = EC131B302380694400598F1D /* Constants.swift */; };
		EC131B3423806EF800598F1D /* ShowDTO.swift in Sources */ = {isa = PBXBuildFile; fileRef = EC131B3323806EF800598F1D /* ShowDTO.swift */; };
		EC131B3623807C0D00598F1D /* UIView+Extension.swift in Sources */ = {isa = PBXBuildFile; fileRef = EC131B3523807C0D00598F1D /* UIView+Extension.swift */; };
		ECAAA35D23803377002085E2 /* SearchView.swift in Sources */ = {isa = PBXBuildFile; fileRef = ECAAA35C23803377002085E2 /* SearchView.swift */; };
		ECAAA35F2380340E002085E2 /* BaseVC.swift in Sources */ = {isa = PBXBuildFile; fileRef = ECAAA35E2380340E002085E2 /* BaseVC.swift */; };
		ECAAA3612380344A002085E2 /* Log.swift in Sources */ = {isa = PBXBuildFile; fileRef = ECAAA3602380344A002085E2 /* Log.swift */; };
		ECAAA363238035D2002085E2 /* BaseView.swift in Sources */ = {isa = PBXBuildFile; fileRef = ECAAA362238035D2002085E2 /* BaseView.swift */; };
		ECAAA365238039E4002085E2 /* SearchTVCell.swift in Sources */ = {isa = PBXBuildFile; fileRef = ECAAA364238039E4002085E2 /* SearchTVCell.swift */; };
		ECAAA36723803A08002085E2 /* BaseTVCell.swift in Sources */ = {isa = PBXBuildFile; fileRef = ECAAA36623803A08002085E2 /* BaseTVCell.swift */; };
		ECAAA36D23804AA3002085E2 /* Configuration.swift in Sources */ = {isa = PBXBuildFile; fileRef = ECAAA36C23804AA3002085E2 /* Configuration.swift */; };
		ECAAA36F23804BF7002085E2 /* Development.xcconfig in Resources */ = {isa = PBXBuildFile; fileRef = ECAAA36E23804BF7002085E2 /* Development.xcconfig */; };
		ECAAA37123804BFB002085E2 /* Production.xcconfig in Resources */ = {isa = PBXBuildFile; fileRef = ECAAA37023804BFB002085E2 /* Production.xcconfig */; };
		ECAAA37823804E55002085E2 /* NetworkLayer.swift in Sources */ = {isa = PBXBuildFile; fileRef = ECAAA37723804E55002085E2 /* NetworkLayer.swift */; };
		ECAAA37A23804E5E002085E2 /* Router.swift in Sources */ = {isa = PBXBuildFile; fileRef = ECAAA37923804E5E002085E2 /* Router.swift */; };
		ECAAE86123805879006859CA /* Repository.swift in Sources */ = {isa = PBXBuildFile; fileRef = ECAAE86023805879006859CA /* Repository.swift */; };
		ECAAE86523805BDA006859CA /* SearchViewVM.swift in Sources */ = {isa = PBXBuildFile; fileRef = ECAAE86423805BDA006859CA /* SearchViewVM.swift */; };
		ECAAE867238061AC006859CA /* Observable.swift in Sources */ = {isa = PBXBuildFile; fileRef = ECAAE866238061AC006859CA /* Observable.swift */; };
		ECAAE869238061CF006859CA /* BindingTextField.swift in Sources */ = {isa = PBXBuildFile; fileRef = ECAAE868238061CF006859CA /* BindingTextField.swift */; };
		ECAAE86C23806549006859CA /* IRepository.swift in Sources */ = {isa = PBXBuildFile; fileRef = ECAAE86B23806549006859CA /* IRepository.swift */; };
		ECC8387823800E2F00045741 /* AppDelegate.swift in Sources */ = {isa = PBXBuildFile; fileRef = ECC8387723800E2F00045741 /* AppDelegate.swift */; };
		ECC8387A23800E2F00045741 /* SceneDelegate.swift in Sources */ = {isa = PBXBuildFile; fileRef = ECC8387923800E2F00045741 /* SceneDelegate.swift */; };
		ECC8388123800E3000045741 /* Assets.xcassets in Resources */ = {isa = PBXBuildFile; fileRef = ECC8388023800E3000045741 /* Assets.xcassets */; };
		ECC8388423800E3000045741 /* LaunchScreen.storyboard in Resources */ = {isa = PBXBuildFile; fileRef = ECC8388223800E3000045741 /* LaunchScreen.storyboard */; };
		ECC8388F23800E3000045741 /* TheTVMovieTests.swift in Sources */ = {isa = PBXBuildFile; fileRef = ECC8388E23800E3000045741 /* TheTVMovieTests.swift */; };
		ECC8389A2380173300045741 /* SearchVC.swift in Sources */ = {isa = PBXBuildFile; fileRef = ECC838992380173300045741 /* SearchVC.swift */; };
		ECC838A723801E2A00045741 /* ShowDetailsVC.m in Sources */ = {isa = PBXBuildFile; fileRef = ECC838A623801E2A00045741 /* ShowDetailsVC.m */; };
		F4C1D6BD6976D271C77227D6 /* Pods_TheTVMovieTests.framework in Frameworks */ = {isa = PBXBuildFile; fileRef = B4222D08322ED02F068C2B69 /* Pods_TheTVMovieTests.framework */; };
/* End PBXBuildFile section */

/* Begin PBXContainerItemProxy section */
		ECC8388B23800E3000045741 /* PBXContainerItemProxy */ = {
			isa = PBXContainerItemProxy;
			containerPortal = ECC8386C23800E2F00045741 /* Project object */;
			proxyType = 1;
			remoteGlobalIDString = ECC8387323800E2F00045741;
			remoteInfo = TheTVMovie;
		};
/* End PBXContainerItemProxy section */

/* Begin PBXFileReference section */
		32C17C60B7709530C71EC5A5 /* Pods-TheTVMovieTests.release.xcconfig */ = {isa = PBXFileReference; includeInIndex = 1; lastKnownFileType = text.xcconfig; name = "Pods-TheTVMovieTests.release.xcconfig"; path = "Target Support Files/Pods-TheTVMovieTests/Pods-TheTVMovieTests.release.xcconfig"; sourceTree = "<group>"; };
		9F13667039CD4585C84AC50B /* Pods-TheTVMovie.release.xcconfig */ = {isa = PBXFileReference; includeInIndex = 1; lastKnownFileType = text.xcconfig; name = "Pods-TheTVMovie.release.xcconfig"; path = "Target Support Files/Pods-TheTVMovie/Pods-TheTVMovie.release.xcconfig"; sourceTree = "<group>"; };
		B4222D08322ED02F068C2B69 /* Pods_TheTVMovieTests.framework */ = {isa = PBXFileReference; explicitFileType = wrapper.framework; includeInIndex = 0; path = Pods_TheTVMovieTests.framework; sourceTree = BUILT_PRODUCTS_DIR; };
		C4B417A10E462260B8D3AC44 /* Pods_TheTVMovie.framework */ = {isa = PBXFileReference; explicitFileType = wrapper.framework; includeInIndex = 0; path = Pods_TheTVMovie.framework; sourceTree = BUILT_PRODUCTS_DIR; };
		DE9716B46D94F9C63B798EE8 /* Pods-TheTVMovieTests.debug.xcconfig */ = {isa = PBXFileReference; includeInIndex = 1; lastKnownFileType = text.xcconfig; name = "Pods-TheTVMovieTests.debug.xcconfig"; path = "Target Support Files/Pods-TheTVMovieTests/Pods-TheTVMovieTests.debug.xcconfig"; sourceTree = "<group>"; };
		E3478D277E9ED365465D9A6E /* Pods-TheTVMovie.debug.xcconfig */ = {isa = PBXFileReference; includeInIndex = 1; lastKnownFileType = text.xcconfig; name = "Pods-TheTVMovie.debug.xcconfig"; path = "Target Support Files/Pods-TheTVMovie/Pods-TheTVMovie.debug.xcconfig"; sourceTree = "<group>"; };
		EC131B302380694400598F1D /* Constants.swift */ = {isa = PBXFileReference; lastKnownFileType = sourcecode.swift; path = Constants.swift; sourceTree = "<group>"; };
		EC131B3323806EF800598F1D /* ShowDTO.swift */ = {isa = PBXFileReference; lastKnownFileType = sourcecode.swift; path = ShowDTO.swift; sourceTree = "<group>"; };
		EC131B3523807C0D00598F1D /* UIView+Extension.swift */ = {isa = PBXFileReference; lastKnownFileType = sourcecode.swift; path = "UIView+Extension.swift"; sourceTree = "<group>"; };
		ECAAA35C23803377002085E2 /* SearchView.swift */ = {isa = PBXFileReference; lastKnownFileType = sourcecode.swift; path = SearchView.swift; sourceTree = "<group>"; };
		ECAAA35E2380340E002085E2 /* BaseVC.swift */ = {isa = PBXFileReference; lastKnownFileType = sourcecode.swift; path = BaseVC.swift; sourceTree = "<group>"; };
		ECAAA3602380344A002085E2 /* Log.swift */ = {isa = PBXFileReference; lastKnownFileType = sourcecode.swift; path = Log.swift; sourceTree = "<group>"; };
		ECAAA362238035D2002085E2 /* BaseView.swift */ = {isa = PBXFileReference; lastKnownFileType = sourcecode.swift; path = BaseView.swift; sourceTree = "<group>"; };
		ECAAA364238039E4002085E2 /* SearchTVCell.swift */ = {isa = PBXFileReference; lastKnownFileType = sourcecode.swift; path = SearchTVCell.swift; sourceTree = "<group>"; };
		ECAAA36623803A08002085E2 /* BaseTVCell.swift */ = {isa = PBXFileReference; lastKnownFileType = sourcecode.swift; path = BaseTVCell.swift; sourceTree = "<group>"; };
		ECAAA36C23804AA3002085E2 /* Configuration.swift */ = {isa = PBXFileReference; lastKnownFileType = sourcecode.swift; path = Configuration.swift; sourceTree = "<group>"; };
		ECAAA36E23804BF7002085E2 /* Development.xcconfig */ = {isa = PBXFileReference; fileEncoding = 4; lastKnownFileType = text.xcconfig; name = Development.xcconfig; path = ../Development.xcconfig; sourceTree = "<group>"; };
		ECAAA37023804BFB002085E2 /* Production.xcconfig */ = {isa = PBXFileReference; fileEncoding = 4; lastKnownFileType = text.xcconfig; name = Production.xcconfig; path = ../Production.xcconfig; sourceTree = "<group>"; };
		ECAAA37723804E55002085E2 /* NetworkLayer.swift */ = {isa = PBXFileReference; fileEncoding = 4; lastKnownFileType = sourcecode.swift; path = NetworkLayer.swift; sourceTree = "<group>"; };
		ECAAA37923804E5E002085E2 /* Router.swift */ = {isa = PBXFileReference; fileEncoding = 4; lastKnownFileType = sourcecode.swift; path = Router.swift; sourceTree = "<group>"; };
		ECAAE86023805879006859CA /* Repository.swift */ = {isa = PBXFileReference; lastKnownFileType = sourcecode.swift; path = Repository.swift; sourceTree = "<group>"; };
		ECAAE86423805BDA006859CA /* SearchViewVM.swift */ = {isa = PBXFileReference; lastKnownFileType = sourcecode.swift; path = SearchViewVM.swift; sourceTree = "<group>"; };
		ECAAE866238061AC006859CA /* Observable.swift */ = {isa = PBXFileReference; lastKnownFileType = sourcecode.swift; path = Observable.swift; sourceTree = "<group>"; };
		ECAAE868238061CF006859CA /* BindingTextField.swift */ = {isa = PBXFileReference; lastKnownFileType = sourcecode.swift; path = BindingTextField.swift; sourceTree = "<group>"; };
		ECAAE86B23806549006859CA /* IRepository.swift */ = {isa = PBXFileReference; lastKnownFileType = sourcecode.swift; path = IRepository.swift; sourceTree = "<group>"; };
		ECC8387423800E2F00045741 /* TheTVMovie.app */ = {isa = PBXFileReference; explicitFileType = wrapper.application; includeInIndex = 0; path = TheTVMovie.app; sourceTree = BUILT_PRODUCTS_DIR; };
		ECC8387723800E2F00045741 /* AppDelegate.swift */ = {isa = PBXFileReference; lastKnownFileType = sourcecode.swift; path = AppDelegate.swift; sourceTree = "<group>"; };
		ECC8387923800E2F00045741 /* SceneDelegate.swift */ = {isa = PBXFileReference; lastKnownFileType = sourcecode.swift; path = SceneDelegate.swift; sourceTree = "<group>"; };
		ECC8388023800E3000045741 /* Assets.xcassets */ = {isa = PBXFileReference; lastKnownFileType = folder.assetcatalog; path = Assets.xcassets; sourceTree = "<group>"; };
		ECC8388323800E3000045741 /* Base */ = {isa = PBXFileReference; lastKnownFileType = file.storyboard; name = Base; path = Base.lproj/LaunchScreen.storyboard; sourceTree = "<group>"; };
		ECC8388523800E3000045741 /* Info.plist */ = {isa = PBXFileReference; lastKnownFileType = text.plist.xml; path = Info.plist; sourceTree = "<group>"; };
		ECC8388A23800E3000045741 /* TheTVMovieTests.xctest */ = {isa = PBXFileReference; explicitFileType = wrapper.cfbundle; includeInIndex = 0; path = TheTVMovieTests.xctest; sourceTree = BUILT_PRODUCTS_DIR; };
		ECC8388E23800E3000045741 /* TheTVMovieTests.swift */ = {isa = PBXFileReference; lastKnownFileType = sourcecode.swift; path = TheTVMovieTests.swift; sourceTree = "<group>"; };
		ECC8389023800E3000045741 /* Info.plist */ = {isa = PBXFileReference; lastKnownFileType = text.plist.xml; path = Info.plist; sourceTree = "<group>"; };
		ECC838992380173300045741 /* SearchVC.swift */ = {isa = PBXFileReference; lastKnownFileType = sourcecode.swift; path = SearchVC.swift; sourceTree = "<group>"; };
		ECC838A423801E2900045741 /* TheTVMovie-Bridging-Header.h */ = {isa = PBXFileReference; lastKnownFileType = sourcecode.c.h; path = "TheTVMovie-Bridging-Header.h"; sourceTree = "<group>"; };
		ECC838A523801E2A00045741 /* ShowDetailsVC.h */ = {isa = PBXFileReference; lastKnownFileType = sourcecode.c.h; name = ShowDetailsVC.h; path = TheTVMovie/UI/Screens/DetailsMovie/ShowDetailsVC.h; sourceTree = SOURCE_ROOT; };
		ECC838A623801E2A00045741 /* ShowDetailsVC.m */ = {isa = PBXFileReference; lastKnownFileType = sourcecode.c.objc; name = ShowDetailsVC.m; path = TheTVMovie/UI/Screens/DetailsMovie/ShowDetailsVC.m; sourceTree = SOURCE_ROOT; };
/* End PBXFileReference section */

/* Begin PBXFrameworksBuildPhase section */
		ECC8387123800E2F00045741 /* Frameworks */ = {
			isa = PBXFrameworksBuildPhase;
			buildActionMask = 2147483647;
			files = (
				C268F64C8967915CF3381FBB /* Pods_TheTVMovie.framework in Frameworks */,
			);
			runOnlyForDeploymentPostprocessing = 0;
		};
		ECC8388723800E3000045741 /* Frameworks */ = {
			isa = PBXFrameworksBuildPhase;
			buildActionMask = 2147483647;
			files = (
				F4C1D6BD6976D271C77227D6 /* Pods_TheTVMovieTests.framework in Frameworks */,
			);
			runOnlyForDeploymentPostprocessing = 0;
		};
/* End PBXFrameworksBuildPhase section */

/* Begin PBXGroup section */
		B9D11FCA729F88F4F9D9D462 /* Frameworks */ = {
			isa = PBXGroup;
			children = (
				C4B417A10E462260B8D3AC44 /* Pods_TheTVMovie.framework */,
				B4222D08322ED02F068C2B69 /* Pods_TheTVMovieTests.framework */,
			);
			name = Frameworks;
			sourceTree = "<group>";
		};
		C7E4367B144C2FA7B19E3D87 /* Pods */ = {
			isa = PBXGroup;
			children = (
				E3478D277E9ED365465D9A6E /* Pods-TheTVMovie.debug.xcconfig */,
				9F13667039CD4585C84AC50B /* Pods-TheTVMovie.release.xcconfig */,
				DE9716B46D94F9C63B798EE8 /* Pods-TheTVMovieTests.debug.xcconfig */,
				32C17C60B7709530C71EC5A5 /* Pods-TheTVMovieTests.release.xcconfig */,
			);
			path = Pods;
			sourceTree = "<group>";
		};
		EC131B3223806EED00598F1D /* DTOs */ = {
			isa = PBXGroup;
			children = (
				EC131B3323806EF800598F1D /* ShowDTO.swift */,
			);
			path = DTOs;
			sourceTree = "<group>";
		};
		ECAAA37223804DE5002085E2 /* Flavours */ = {
			isa = PBXGroup;
			children = (
				ECAAA36C23804AA3002085E2 /* Configuration.swift */,
				ECAAA36E23804BF7002085E2 /* Development.xcconfig */,
				ECAAA37023804BFB002085E2 /* Production.xcconfig */,
			);
			path = Flavours;
			sourceTree = "<group>";
		};
		ECAAE86A23806533006859CA /* Contracts */ = {
			isa = PBXGroup;
			children = (
				ECAAE86B23806549006859CA /* IRepository.swift */,
			);
			path = Contracts;
			sourceTree = "<group>";
		};
		ECC8386B23800E2F00045741 = {
			isa = PBXGroup;
			children = (
				ECC8387623800E2F00045741 /* TheTVMovie */,
				ECC8388D23800E3000045741 /* TheTVMovieTests */,
				ECC8387523800E2F00045741 /* Products */,
				C7E4367B144C2FA7B19E3D87 /* Pods */,
				B9D11FCA729F88F4F9D9D462 /* Frameworks */,
			);
			sourceTree = "<group>";
		};
		ECC8387523800E2F00045741 /* Products */ = {
			isa = PBXGroup;
			children = (
				ECC8387423800E2F00045741 /* TheTVMovie.app */,
				ECC8388A23800E3000045741 /* TheTVMovieTests.xctest */,
			);
			name = Products;
			sourceTree = "<group>";
		};
		ECC8387623800E2F00045741 /* TheTVMovie */ = {
			isa = PBXGroup;
			children = (
				ECC8389B2380191A00045741 /* Application */,
				ECC8389E2380194B00045741 /* Utils */,
				ECC8389D2380194700045741 /* UI */,
				ECC8389C2380193E00045741 /* ModelLayer */,
			);
			path = TheTVMovie;
			sourceTree = "<group>";
		};
		ECC8388D23800E3000045741 /* TheTVMovieTests */ = {
			isa = PBXGroup;
			children = (
				ECC8388E23800E3000045741 /* TheTVMovieTests.swift */,
				ECC8389023800E3000045741 /* Info.plist */,
			);
			path = TheTVMovieTests;
			sourceTree = "<group>";
		};
		ECC8389B2380191A00045741 /* Application */ = {
			isa = PBXGroup;
			children = (
				ECAAA37223804DE5002085E2 /* Flavours */,
				ECC8387723800E2F00045741 /* AppDelegate.swift */,
				ECC8387923800E2F00045741 /* SceneDelegate.swift */,
				ECC8388023800E3000045741 /* Assets.xcassets */,
				ECC8388223800E3000045741 /* LaunchScreen.storyboard */,
				ECC8388523800E3000045741 /* Info.plist */,
				EC131B302380694400598F1D /* Constants.swift */,
			);
			path = Application;
			sourceTree = "<group>";
		};
		ECC8389C2380193E00045741 /* ModelLayer */ = {
			isa = PBXGroup;
			children = (
				ECC838A223801A1700045741 /* Network */,
				ECC838A123801A1000045741 /* Data */,
			);
			path = ModelLayer;
			sourceTree = "<group>";
		};
		ECC8389D2380194700045741 /* UI */ = {
			isa = PBXGroup;
			children = (
				ECC838A323801A2A00045741 /* Base */,
				ECC838A0238019E900045741 /* Screens */,
				ECC8389F238019D000045741 /* ReusableViews */,
			);
			path = UI;
			sourceTree = "<group>";
		};
		ECC8389E2380194B00045741 /* Utils */ = {
			isa = PBXGroup;
			children = (
				ECAAA3602380344A002085E2 /* Log.swift */,
				ECAAE866238061AC006859CA /* Observable.swift */,
				ECAAE868238061CF006859CA /* BindingTextField.swift */,
				EC131B3523807C0D00598F1D /* UIView+Extension.swift */,
			);
			path = Utils;
			sourceTree = "<group>";
		};
		ECC8389F238019D000045741 /* ReusableViews */ = {
			isa = PBXGroup;
			children = (
			);
			path = ReusableViews;
			sourceTree = "<group>";
		};
		ECC838A0238019E900045741 /* Screens */ = {
			isa = PBXGroup;
			children = (
				ECC838A423801E2900045741 /* TheTVMovie-Bridging-Header.h */,
				ECC838A823801E3600045741 /* SearchMovies */,
				ECC838A923801E4600045741 /* DetailsMovie */,
			);
			path = Screens;
			sourceTree = "<group>";
		};
		ECC838A123801A1000045741 /* Data */ = {
			isa = PBXGroup;
			children = (
				EC131B3223806EED00598F1D /* DTOs */,
				ECAAE86A23806533006859CA /* Contracts */,
				ECAAE86023805879006859CA /* Repository.swift */,
			);
			path = Data;
			sourceTree = "<group>";
		};
		ECC838A223801A1700045741 /* Network */ = {
			isa = PBXGroup;
			children = (
				ECAAA37723804E55002085E2 /* NetworkLayer.swift */,
				ECAAA37923804E5E002085E2 /* Router.swift */,
			);
			path = Network;
			sourceTree = "<group>";
		};
		ECC838A323801A2A00045741 /* Base */ = {
			isa = PBXGroup;
			children = (
				ECAAA35E2380340E002085E2 /* BaseVC.swift */,
				ECAAA362238035D2002085E2 /* BaseView.swift */,
				ECAAA36623803A08002085E2 /* BaseTVCell.swift */,
			);
			path = Base;
			sourceTree = "<group>";
		};
		ECC838A823801E3600045741 /* SearchMovies */ = {
			isa = PBXGroup;
			children = (
				ECC838992380173300045741 /* SearchVC.swift */,
				ECAAA35C23803377002085E2 /* SearchView.swift */,
				ECAAE86423805BDA006859CA /* SearchViewVM.swift */,
				ECAAA364238039E4002085E2 /* SearchTVCell.swift */,
			);
			path = SearchMovies;
			sourceTree = "<group>";
		};
		ECC838A923801E4600045741 /* DetailsMovie */ = {
			isa = PBXGroup;
			children = (
				ECC838A523801E2A00045741 /* ShowDetailsVC.h */,
				ECC838A623801E2A00045741 /* ShowDetailsVC.m */,
			);
			path = DetailsMovie;
			sourceTree = "<group>";
		};
/* End PBXGroup section */

/* Begin PBXNativeTarget section */
		ECC8387323800E2F00045741 /* TheTVMovie */ = {
			isa = PBXNativeTarget;
			buildConfigurationList = ECC8389323800E3000045741 /* Build configuration list for PBXNativeTarget "TheTVMovie" */;
			buildPhases = (
				8A9E8C2EA24DB2561042B4ED /* [CP] Check Pods Manifest.lock */,
				ECC8387023800E2F00045741 /* Sources */,
				ECC8387123800E2F00045741 /* Frameworks */,
				ECC8387223800E2F00045741 /* Resources */,
				E970BD0CC96D4D60AC60BAB6 /* [CP] Embed Pods Frameworks */,
			);
			buildRules = (
			);
			dependencies = (
			);
			name = TheTVMovie;
			productName = TheTVMovie;
			productReference = ECC8387423800E2F00045741 /* TheTVMovie.app */;
			productType = "com.apple.product-type.application";
		};
		ECC8388923800E3000045741 /* TheTVMovieTests */ = {
			isa = PBXNativeTarget;
			buildConfigurationList = ECC8389623800E3000045741 /* Build configuration list for PBXNativeTarget "TheTVMovieTests" */;
			buildPhases = (
				080207655D5BE309C34F8771 /* [CP] Check Pods Manifest.lock */,
				ECC8388623800E3000045741 /* Sources */,
				ECC8388723800E3000045741 /* Frameworks */,
				ECC8388823800E3000045741 /* Resources */,
			);
			buildRules = (
			);
			dependencies = (
				ECC8388C23800E3000045741 /* PBXTargetDependency */,
			);
			name = TheTVMovieTests;
			productName = TheTVMovieTests;
			productReference = ECC8388A23800E3000045741 /* TheTVMovieTests.xctest */;
			productType = "com.apple.product-type.bundle.unit-test";
		};
/* End PBXNativeTarget section */

/* Begin PBXProject section */
		ECC8386C23800E2F00045741 /* Project object */ = {
			isa = PBXProject;
			attributes = {
				LastSwiftUpdateCheck = 1120;
				LastUpgradeCheck = 1120;
				ORGANIZATIONNAME = "George Vardikos";
				TargetAttributes = {
					ECC8387323800E2F00045741 = {
						CreatedOnToolsVersion = 11.2.1;
						LastSwiftMigration = 1120;
					};
					ECC8388923800E3000045741 = {
						CreatedOnToolsVersion = 11.2.1;
						TestTargetID = ECC8387323800E2F00045741;
					};
				};
			};
			buildConfigurationList = ECC8386F23800E2F00045741 /* Build configuration list for PBXProject "TheTVMovie" */;
			compatibilityVersion = "Xcode 9.3";
			developmentRegion = en;
			hasScannedForEncodings = 0;
			knownRegions = (
				en,
				Base,
			);
			mainGroup = ECC8386B23800E2F00045741;
			productRefGroup = ECC8387523800E2F00045741 /* Products */;
			projectDirPath = "";
			projectRoot = "";
			targets = (
				ECC8387323800E2F00045741 /* TheTVMovie */,
				ECC8388923800E3000045741 /* TheTVMovieTests */,
			);
		};
/* End PBXProject section */

/* Begin PBXResourcesBuildPhase section */
		ECC8387223800E2F00045741 /* Resources */ = {
			isa = PBXResourcesBuildPhase;
			buildActionMask = 2147483647;
			files = (
				ECAAA36F23804BF7002085E2 /* Development.xcconfig in Resources */,
				ECAAA37123804BFB002085E2 /* Production.xcconfig in Resources */,
				ECC8388423800E3000045741 /* LaunchScreen.storyboard in Resources */,
				ECC8388123800E3000045741 /* Assets.xcassets in Resources */,
			);
			runOnlyForDeploymentPostprocessing = 0;
		};
		ECC8388823800E3000045741 /* Resources */ = {
			isa = PBXResourcesBuildPhase;
			buildActionMask = 2147483647;
			files = (
			);
			runOnlyForDeploymentPostprocessing = 0;
		};
/* End PBXResourcesBuildPhase section */

/* Begin PBXShellScriptBuildPhase section */
		080207655D5BE309C34F8771 /* [CP] Check Pods Manifest.lock */ = {
			isa = PBXShellScriptBuildPhase;
			buildActionMask = 2147483647;
			files = (
			);
			inputFileListPaths = (
			);
			inputPaths = (
				"${PODS_PODFILE_DIR_PATH}/Podfile.lock",
				"${PODS_ROOT}/Manifest.lock",
			);
			name = "[CP] Check Pods Manifest.lock";
			outputFileListPaths = (
			);
			outputPaths = (
				"$(DERIVED_FILE_DIR)/Pods-TheTVMovieTests-checkManifestLockResult.txt",
			);
			runOnlyForDeploymentPostprocessing = 0;
			shellPath = /bin/sh;
			shellScript = "diff \"${PODS_PODFILE_DIR_PATH}/Podfile.lock\" \"${PODS_ROOT}/Manifest.lock\" > /dev/null\nif [ $? != 0 ] ; then\n    # print error to STDERR\n    echo \"error: The sandbox is not in sync with the Podfile.lock. Run 'pod install' or update your CocoaPods installation.\" >&2\n    exit 1\nfi\n# This output is used by Xcode 'outputs' to avoid re-running this script phase.\necho \"SUCCESS\" > \"${SCRIPT_OUTPUT_FILE_0}\"\n";
			showEnvVarsInLog = 0;
		};
		8A9E8C2EA24DB2561042B4ED /* [CP] Check Pods Manifest.lock */ = {
			isa = PBXShellScriptBuildPhase;
			buildActionMask = 2147483647;
			files = (
			);
			inputFileListPaths = (
			);
			inputPaths = (
				"${PODS_PODFILE_DIR_PATH}/Podfile.lock",
				"${PODS_ROOT}/Manifest.lock",
			);
			name = "[CP] Check Pods Manifest.lock";
			outputFileListPaths = (
			);
			outputPaths = (
				"$(DERIVED_FILE_DIR)/Pods-TheTVMovie-checkManifestLockResult.txt",
			);
			runOnlyForDeploymentPostprocessing = 0;
			shellPath = /bin/sh;
			shellScript = "diff \"${PODS_PODFILE_DIR_PATH}/Podfile.lock\" \"${PODS_ROOT}/Manifest.lock\" > /dev/null\nif [ $? != 0 ] ; then\n    # print error to STDERR\n    echo \"error: The sandbox is not in sync with the Podfile.lock. Run 'pod install' or update your CocoaPods installation.\" >&2\n    exit 1\nfi\n# This output is used by Xcode 'outputs' to avoid re-running this script phase.\necho \"SUCCESS\" > \"${SCRIPT_OUTPUT_FILE_0}\"\n";
			showEnvVarsInLog = 0;
		};
		E970BD0CC96D4D60AC60BAB6 /* [CP] Embed Pods Frameworks */ = {
			isa = PBXShellScriptBuildPhase;
			buildActionMask = 2147483647;
			files = (
			);
			inputFileListPaths = (
				"${PODS_ROOT}/Target Support Files/Pods-TheTVMovie/Pods-TheTVMovie-frameworks-${CONFIGURATION}-input-files.xcfilelist",
			);
			name = "[CP] Embed Pods Frameworks";
			outputFileListPaths = (
				"${PODS_ROOT}/Target Support Files/Pods-TheTVMovie/Pods-TheTVMovie-frameworks-${CONFIGURATION}-output-files.xcfilelist",
			);
			runOnlyForDeploymentPostprocessing = 0;
			shellPath = /bin/sh;
			shellScript = "\"${PODS_ROOT}/Target Support Files/Pods-TheTVMovie/Pods-TheTVMovie-frameworks.sh\"\n";
			showEnvVarsInLog = 0;
		};
/* End PBXShellScriptBuildPhase section */

/* Begin PBXSourcesBuildPhase section */
		ECC8387023800E2F00045741 /* Sources */ = {
			isa = PBXSourcesBuildPhase;
			buildActionMask = 2147483647;
			files = (
				ECAAA37823804E55002085E2 /* NetworkLayer.swift in Sources */,
				ECAAE86523805BDA006859CA /* SearchViewVM.swift in Sources */,
				ECAAA36723803A08002085E2 /* BaseTVCell.swift in Sources */,
				ECAAA35D23803377002085E2 /* SearchView.swift in Sources */,
				EC131B3423806EF800598F1D /* ShowDTO.swift in Sources */,
				ECAAA3612380344A002085E2 /* Log.swift in Sources */,
				ECAAA35F2380340E002085E2 /* BaseVC.swift in Sources */,
				ECC8389A2380173300045741 /* SearchVC.swift in Sources */,
				ECAAA36D23804AA3002085E2 /* Configuration.swift in Sources */,
				ECAAE869238061CF006859CA /* BindingTextField.swift in Sources */,
				ECAAE86123805879006859CA /* Repository.swift in Sources */,
				ECC8387823800E2F00045741 /* AppDelegate.swift in Sources */,
				ECC838A723801E2A00045741 /* ShowDetailsVC.m in Sources */,
				ECAAA365238039E4002085E2 /* SearchTVCell.swift in Sources */,
				ECAAE867238061AC006859CA /* Observable.swift in Sources */,
				EC131B3623807C0D00598F1D /* UIView+Extension.swift in Sources */,
				ECAAE86C23806549006859CA /* IRepository.swift in Sources */,
				EC131B312380694400598F1D /* Constants.swift in Sources */,
				ECC8387A23800E2F00045741 /* SceneDelegate.swift in Sources */,
				ECAAA363238035D2002085E2 /* BaseView.swift in Sources */,
				ECAAA37A23804E5E002085E2 /* Router.swift in Sources */,
			);
			runOnlyForDeploymentPostprocessing = 0;
		};
		ECC8388623800E3000045741 /* Sources */ = {
			isa = PBXSourcesBuildPhase;
			buildActionMask = 2147483647;
			files = (
				ECC8388F23800E3000045741 /* TheTVMovieTests.swift in Sources */,
			);
			runOnlyForDeploymentPostprocessing = 0;
		};
/* End PBXSourcesBuildPhase section */

/* Begin PBXTargetDependency section */
		ECC8388C23800E3000045741 /* PBXTargetDependency */ = {
			isa = PBXTargetDependency;
			target = ECC8387323800E2F00045741 /* TheTVMovie */;
			targetProxy = ECC8388B23800E3000045741 /* PBXContainerItemProxy */;
		};
/* End PBXTargetDependency section */

/* Begin PBXVariantGroup section */
		ECC8388223800E3000045741 /* LaunchScreen.storyboard */ = {
			isa = PBXVariantGroup;
			children = (
				ECC8388323800E3000045741 /* Base */,
			);
			name = LaunchScreen.storyboard;
			sourceTree = "<group>";
		};
/* End PBXVariantGroup section */

/* Begin XCBuildConfiguration section */
		ECC8389123800E3000045741 /* Debug */ = {
			isa = XCBuildConfiguration;
			baseConfigurationReference = ECAAA36E23804BF7002085E2 /* Development.xcconfig */;
			buildSettings = {
				ALWAYS_SEARCH_USER_PATHS = NO;
				CLANG_ANALYZER_NONNULL = YES;
				CLANG_ANALYZER_NUMBER_OBJECT_CONVERSION = YES_AGGRESSIVE;
				CLANG_CXX_LANGUAGE_STANDARD = "gnu++14";
				CLANG_CXX_LIBRARY = "libc++";
				CLANG_ENABLE_MODULES = YES;
				CLANG_ENABLE_OBJC_ARC = YES;
				CLANG_ENABLE_OBJC_WEAK = YES;
				CLANG_WARN_BLOCK_CAPTURE_AUTORELEASING = YES;
				CLANG_WARN_BOOL_CONVERSION = YES;
				CLANG_WARN_COMMA = YES;
				CLANG_WARN_CONSTANT_CONVERSION = YES;
				CLANG_WARN_DEPRECATED_OBJC_IMPLEMENTATIONS = YES;
				CLANG_WARN_DIRECT_OBJC_ISA_USAGE = YES_ERROR;
				CLANG_WARN_DOCUMENTATION_COMMENTS = YES;
				CLANG_WARN_EMPTY_BODY = YES;
				CLANG_WARN_ENUM_CONVERSION = YES;
				CLANG_WARN_INFINITE_RECURSION = YES;
				CLANG_WARN_INT_CONVERSION = YES;
				CLANG_WARN_NON_LITERAL_NULL_CONVERSION = YES;
				CLANG_WARN_OBJC_IMPLICIT_RETAIN_SELF = YES;
				CLANG_WARN_OBJC_LITERAL_CONVERSION = YES;
				CLANG_WARN_OBJC_ROOT_CLASS = YES_ERROR;
				CLANG_WARN_RANGE_LOOP_ANALYSIS = YES;
				CLANG_WARN_STRICT_PROTOTYPES = YES;
				CLANG_WARN_SUSPICIOUS_MOVE = YES;
				CLANG_WARN_UNGUARDED_AVAILABILITY = YES_AGGRESSIVE;
				CLANG_WARN_UNREACHABLE_CODE = YES;
				CLANG_WARN__DUPLICATE_METHOD_MATCH = YES;
				COPY_PHASE_STRIP = NO;
				DEBUG_INFORMATION_FORMAT = dwarf;
				ENABLE_STRICT_OBJC_MSGSEND = YES;
				ENABLE_TESTABILITY = YES;
				GCC_C_LANGUAGE_STANDARD = gnu11;
				GCC_DYNAMIC_NO_PIC = NO;
				GCC_NO_COMMON_BLOCKS = YES;
				GCC_OPTIMIZATION_LEVEL = 0;
				GCC_PREPROCESSOR_DEFINITIONS = (
					"DEBUG=1",
					"$(inherited)",
				);
				GCC_WARN_64_TO_32_BIT_CONVERSION = YES;
				GCC_WARN_ABOUT_RETURN_TYPE = YES_ERROR;
				GCC_WARN_UNDECLARED_SELECTOR = YES;
				GCC_WARN_UNINITIALIZED_AUTOS = YES_AGGRESSIVE;
				GCC_WARN_UNUSED_FUNCTION = YES;
				GCC_WARN_UNUSED_VARIABLE = YES;
				IPHONEOS_DEPLOYMENT_TARGET = 13.2;
				MTL_ENABLE_DEBUG_INFO = INCLUDE_SOURCE;
				MTL_FAST_MATH = YES;
				ONLY_ACTIVE_ARCH = YES;
				SDKROOT = iphoneos;
				SWIFT_ACTIVE_COMPILATION_CONDITIONS = DEBUG;
				SWIFT_OPTIMIZATION_LEVEL = "-Onone";
			};
			name = Debug;
		};
		ECC8389223800E3000045741 /* Release */ = {
			isa = XCBuildConfiguration;
			baseConfigurationReference = ECAAA37023804BFB002085E2 /* Production.xcconfig */;
			buildSettings = {
				ALWAYS_SEARCH_USER_PATHS = NO;
				CLANG_ANALYZER_NONNULL = YES;
				CLANG_ANALYZER_NUMBER_OBJECT_CONVERSION = YES_AGGRESSIVE;
				CLANG_CXX_LANGUAGE_STANDARD = "gnu++14";
				CLANG_CXX_LIBRARY = "libc++";
				CLANG_ENABLE_MODULES = YES;
				CLANG_ENABLE_OBJC_ARC = YES;
				CLANG_ENABLE_OBJC_WEAK = YES;
				CLANG_WARN_BLOCK_CAPTURE_AUTORELEASING = YES;
				CLANG_WARN_BOOL_CONVERSION = YES;
				CLANG_WARN_COMMA = YES;
				CLANG_WARN_CONSTANT_CONVERSION = YES;
				CLANG_WARN_DEPRECATED_OBJC_IMPLEMENTATIONS = YES;
				CLANG_WARN_DIRECT_OBJC_ISA_USAGE = YES_ERROR;
				CLANG_WARN_DOCUMENTATION_COMMENTS = YES;
				CLANG_WARN_EMPTY_BODY = YES;
				CLANG_WARN_ENUM_CONVERSION = YES;
				CLANG_WARN_INFINITE_RECURSION = YES;
				CLANG_WARN_INT_CONVERSION = YES;
				CLANG_WARN_NON_LITERAL_NULL_CONVERSION = YES;
				CLANG_WARN_OBJC_IMPLICIT_RETAIN_SELF = YES;
				CLANG_WARN_OBJC_LITERAL_CONVERSION = YES;
				CLANG_WARN_OBJC_ROOT_CLASS = YES_ERROR;
				CLANG_WARN_RANGE_LOOP_ANALYSIS = YES;
				CLANG_WARN_STRICT_PROTOTYPES = YES;
				CLANG_WARN_SUSPICIOUS_MOVE = YES;
				CLANG_WARN_UNGUARDED_AVAILABILITY = YES_AGGRESSIVE;
				CLANG_WARN_UNREACHABLE_CODE = YES;
				CLANG_WARN__DUPLICATE_METHOD_MATCH = YES;
				COPY_PHASE_STRIP = NO;
				DEBUG_INFORMATION_FORMAT = "dwarf-with-dsym";
				ENABLE_NS_ASSERTIONS = NO;
				ENABLE_STRICT_OBJC_MSGSEND = YES;
				GCC_C_LANGUAGE_STANDARD = gnu11;
				GCC_NO_COMMON_BLOCKS = YES;
				GCC_WARN_64_TO_32_BIT_CONVERSION = YES;
				GCC_WARN_ABOUT_RETURN_TYPE = YES_ERROR;
				GCC_WARN_UNDECLARED_SELECTOR = YES;
				GCC_WARN_UNINITIALIZED_AUTOS = YES_AGGRESSIVE;
				GCC_WARN_UNUSED_FUNCTION = YES;
				GCC_WARN_UNUSED_VARIABLE = YES;
				IPHONEOS_DEPLOYMENT_TARGET = 13.2;
				MTL_ENABLE_DEBUG_INFO = NO;
				MTL_FAST_MATH = YES;
				SDKROOT = iphoneos;
				SWIFT_COMPILATION_MODE = wholemodule;
				SWIFT_OPTIMIZATION_LEVEL = "-O";
				VALIDATE_PRODUCT = YES;
			};
			name = Release;
		};
		ECC8389423800E3000045741 /* Debug */ = {
			isa = XCBuildConfiguration;
			baseConfigurationReference = E3478D277E9ED365465D9A6E /* Pods-TheTVMovie.debug.xcconfig */;
			buildSettings = {
				ASSETCATALOG_COMPILER_APPICON_NAME = AppIcon;
				CLANG_ENABLE_MODULES = YES;
				CODE_SIGN_STYLE = Automatic;
				CURRENT_PROJECT_VERSION = 1;
				DEFINES_MODULE = YES;
				INFOPLIST_FILE = TheTVMovie/Application/Info.plist;
				LD_RUNPATH_SEARCH_PATHS = (
					"$(inherited)",
					"@executable_path/Frameworks",
				);
				MARKETING_VERSION = 1.0;
				PRODUCT_BUNDLE_IDENTIFIER = com.georgevardikos.TheTVMovie;
				PRODUCT_NAME = "$(TARGET_NAME)";
				SWIFT_OBJC_BRIDGING_HEADER = "TheTVMovie/UI/Screens/TheTVMovie-Bridging-Header.h";
				SWIFT_OPTIMIZATION_LEVEL = "-Onone";
				SWIFT_VERSION = 5.0;
				TARGETED_DEVICE_FAMILY = "1,2";
			};
			name = Debug;
		};
		ECC8389523800E3000045741 /* Release */ = {
			isa = XCBuildConfiguration;
			baseConfigurationReference = 9F13667039CD4585C84AC50B /* Pods-TheTVMovie.release.xcconfig */;
			buildSettings = {
				ASSETCATALOG_COMPILER_APPICON_NAME = AppIcon;
				CLANG_ENABLE_MODULES = YES;
				CODE_SIGN_STYLE = Automatic;
				CURRENT_PROJECT_VERSION = 1;
				DEFINES_MODULE = YES;
				INFOPLIST_FILE = TheTVMovie/Application/Info.plist;
				LD_RUNPATH_SEARCH_PATHS = (
					"$(inherited)",
					"@executable_path/Frameworks",
				);
				MARKETING_VERSION = 1.0;
				PRODUCT_BUNDLE_IDENTIFIER = com.georgevardikos.TheTVMovie;
				PRODUCT_NAME = "$(TARGET_NAME)";
				SWIFT_OBJC_BRIDGING_HEADER = "TheTVMovie/UI/Screens/TheTVMovie-Bridging-Header.h";
				SWIFT_VERSION = 5.0;
				TARGETED_DEVICE_FAMILY = "1,2";
			};
			name = Release;
		};
		ECC8389723800E3000045741 /* Debug */ = {
			isa = XCBuildConfiguration;
			baseConfigurationReference = DE9716B46D94F9C63B798EE8 /* Pods-TheTVMovieTests.debug.xcconfig */;
			buildSettings = {
				ALWAYS_EMBED_SWIFT_STANDARD_LIBRARIES = YES;
				BUNDLE_LOADER = "$(TEST_HOST)";
				CODE_SIGN_STYLE = Automatic;
				INFOPLIST_FILE = TheTVMovieTests/Info.plist;
				IPHONEOS_DEPLOYMENT_TARGET = 13.2;
				LD_RUNPATH_SEARCH_PATHS = (
					"$(inherited)",
					"@executable_path/Frameworks",
					"@loader_path/Frameworks",
				);
				PRODUCT_BUNDLE_IDENTIFIER = com.georgevardikos.TheTVMovieTests;
				PRODUCT_NAME = "$(TARGET_NAME)";
				SWIFT_VERSION = 5.0;
				TARGETED_DEVICE_FAMILY = "1,2";
				TEST_HOST = "$(BUILT_PRODUCTS_DIR)/TheTVMovie.app/TheTVMovie";
			};
			name = Debug;
		};
		ECC8389823800E3000045741 /* Release */ = {
			isa = XCBuildConfiguration;
			baseConfigurationReference = 32C17C60B7709530C71EC5A5 /* Pods-TheTVMovieTests.release.xcconfig */;
			buildSettings = {
				ALWAYS_EMBED_SWIFT_STANDARD_LIBRARIES = YES;
				BUNDLE_LOADER = "$(TEST_HOST)";
				CODE_SIGN_STYLE = Automatic;
				INFOPLIST_FILE = TheTVMovieTests/Info.plist;
				IPHONEOS_DEPLOYMENT_TARGET = 13.2;
				LD_RUNPATH_SEARCH_PATHS = (
					"$(inherited)",
					"@executable_path/Frameworks",
					"@loader_path/Frameworks",
				);
				PRODUCT_BUNDLE_IDENTIFIER = com.georgevardikos.TheTVMovieTests;
				PRODUCT_NAME = "$(TARGET_NAME)";
				SWIFT_VERSION = 5.0;
				TARGETED_DEVICE_FAMILY = "1,2";
				TEST_HOST = "$(BUILT_PRODUCTS_DIR)/TheTVMovie.app/TheTVMovie";
			};
			name = Release;
		};
/* End XCBuildConfiguration section */

/* Begin XCConfigurationList section */
		ECC8386F23800E2F00045741 /* Build configuration list for PBXProject "TheTVMovie" */ = {
			isa = XCConfigurationList;
			buildConfigurations = (
				ECC8389123800E3000045741 /* Debug */,
				ECC8389223800E3000045741 /* Release */,
			);
			defaultConfigurationIsVisible = 0;
			defaultConfigurationName = Release;
		};
		ECC8389323800E3000045741 /* Build configuration list for PBXNativeTarget "TheTVMovie" */ = {
			isa = XCConfigurationList;
			buildConfigurations = (
				ECC8389423800E3000045741 /* Debug */,
				ECC8389523800E3000045741 /* Release */,
			);
			defaultConfigurationIsVisible = 0;
			defaultConfigurationName = Release;
		};
		ECC8389623800E3000045741 /* Build configuration list for PBXNativeTarget "TheTVMovieTests" */ = {
			isa = XCConfigurationList;
			buildConfigurations = (
				ECC8389723800E3000045741 /* Debug */,
				ECC8389823800E3000045741 /* Release */,
			);
			defaultConfigurationIsVisible = 0;
			defaultConfigurationName = Release;
		};
/* End XCConfigurationList section */
	};
	rootObject = ECC8386C23800E2F00045741 /* Project object */;
}
