PODS:
  - Alamofire (4.8.2)
  - ObjectMapper (3.5.1)
  - SteviaLayout (4.5.0)
  - SwiftLint (0.37.0)

DEPENDENCIES:
  - Alamofire (~> 4.8.1)
  - ObjectMapper (~> 3.4)
  - SteviaLayout (~> 4.5.0)
  - SwiftLint

SPEC REPOS:
  trunk:
    - Alamofire
    - ObjectMapper
    - SteviaLayout
    - SwiftLint

SPEC CHECKSUMS:
  Alamofire: ae5c501addb7afdbb13687d7f2f722c78734c2d3
  ObjectMapper: 70187b8941977c62ccfb423caf6b50be405cabf0
  SteviaLayout: aa64a62810544348c9e328a6521cb9160fa82ec6
  SwiftLint: c078a14d7d7ade75e5507795d185e3da41d844d2

PODFILE CHECKSUM: 6fed1466e2f8f5d81f439ed3616e5ecbe2965e17

COCOAPODS: 1.8.3
